
Microsoft Visual Studio Solution File, Format Version 12.00
# Visual Studio Version 17
VisualStudioVersion = 17.9.34701.34
MinimumVisualStudioVersion = 10.0.40219.1
Project("{FAE04EC0-301F-11D3-BF4B-00C04F79EFBC}") = "WebAPI", "WebAPI\WebAPI.csproj", "{08D78FC0-19AD-4F44-9F30-9BBD19B5292F}"
EndProject
Project("{00D1A9C2-B5F0-4AF3-8072-F6C62B433612}") = "UserDB", "UserDB\UserDB.sqlproj", "{11D47C86-9603-44B8-969B-D8F712DCC97C}"
EndProject
Project("{2150E333-8FDC-42A3-9474-1A3956D46DE8}") = "Solution Items", "Solution Items", "{862BCCEF-1611-48AB-9C2F-319FBC4A8216}"
	ProjectSection(SolutionItems) = preProject
		..\.gitignore = ..\.gitignore
		..\README.md = ..\README.md
	EndProjectSection
EndProject
Global
	GlobalSection(SolutionConfigurationPlatforms) = preSolution
		Debug|Any CPU = Debug|Any CPU
		Release|Any CPU = Release|Any CPU
	EndGlobalSection
	GlobalSection(ProjectConfigurationPlatforms) = postSolution
		{08D78FC0-19AD-4F44-9F30-9BBD19B5292F}.Debug|Any CPU.ActiveCfg = Debug|Any CPU
		{08D78FC0-19AD-4F44-9F30-9BBD19B5292F}.Debug|Any CPU.Build.0 = Debug|Any CPU
		{08D78FC0-19AD-4F44-9F30-9BBD19B5292F}.Release|Any CPU.ActiveCfg = Release|Any CPU
		{08D78FC0-19AD-4F44-9F30-9BBD19B5292F}.Release|Any CPU.Build.0 = Release|Any CPU
		{11D47C86-9603-44B8-969B-D8F712DCC97C}.Debug|Any CPU.ActiveCfg = Debug|Any CPU
		{11D47C86-9603-44B8-969B-D8F712DCC97C}.Debug|Any CPU.Build.0 = Debug|Any CPU
		{11D47C86-9603-44B8-969B-D8F712DCC97C}.Debug|Any CPU.Deploy.0 = Debug|Any CPU
		{11D47C86-9603-44B8-969B-D8F712DCC97C}.Release|Any CPU.ActiveCfg = Release|Any CPU
		{11D47C86-9603-44B8-969B-D8F712DCC97C}.Release|Any CPU.Build.0 = Release|Any CPU
		{11D47C86-9603-44B8-969B-D8F712DCC97C}.Release|Any CPU.Deploy.0 = Release|Any CPU
	EndGlobalSection
	GlobalSection(SolutionProperties) = preSolution
		HideSolutionNode = FALSE
	EndGlobalSection
	GlobalSection(ExtensibilityGlobals) = postSolution
		SolutionGuid = {7F4B43B5-A287-4707-BECB-77A679F1C3A7}
	EndGlobalSection
EndGlobal
